
Microsoft Visual Studio Solution File, Format Version 12.00
# Visual Studio Version 17
VisualStudioVersion = 17.10.35004.147
MinimumVisualStudioVersion = 10.0.40219.1
Project("{FAE04EC0-301F-11D3-BF4B-00C04F79EFBC}") = "hw_07_11_2024", "hw_07_11_2024\hw_07_11_2024.csproj", "{AEBB286E-DA7E-4DF7-89B8-11A09DCE2E77}"
EndProject
Global
	GlobalSection(SolutionConfigurationPlatforms) = preSolution
		Debug|Any CPU = Debug|Any CPU
		Release|Any CPU = Release|Any CPU
	EndGlobalSection
	GlobalSection(ProjectConfigurationPlatforms) = postSolution
		{AEBB286E-DA7E-4DF7-89B8-11A09DCE2E77}.Debug|Any CPU.ActiveCfg = Debug|Any CPU
		{AEBB286E-DA7E-4DF7-89B8-11A09DCE2E77}.Debug|Any CPU.Build.0 = Debug|Any CPU
		{AEBB286E-DA7E-4DF7-89B8-11A09DCE2E77}.Release|Any CPU.ActiveCfg = Release|Any CPU
		{AEBB286E-DA7E-4DF7-89B8-11A09DCE2E77}.Release|Any CPU.Build.0 = Release|Any CPU
	EndGlobalSection
	GlobalSection(SolutionProperties) = preSolution
		HideSolutionNode = FALSE
	EndGlobalSection
	GlobalSection(ExtensibilityGlobals) = postSolution
		SolutionGuid = {D008B2C4-6117-4E38-A1CF-7EA50183F2F6}
	EndGlobalSection
EndGlobal
